{
  "name": "parsebox-test",
  "version": "1.0.0",
  "lockfileVersion": 3,
  "requires": true,
  "packages": {
    "": {
      "name": "parsebox-test",
      "version": "1.0.0",
      "license": "ISC",
      "dependencies": {
        "@sinclair/parsebox": "^0.8.2"
      }
    },
    "node_modules/@sinclair/parsebox": {
      "version": "0.8.2",
      "resolved": "https://registry.npmjs.org/@sinclair/parsebox/-/parsebox-0.8.2.tgz",
      "integrity": "sha512-7OMIAWx4SPmB36JyR0LDGmd3dgEZmIaFwKKMXeS2mseVG6ADoVwmOqqpLj8phfNE0M9FeTU0x7H6eWCGIrdQBw=="
    }
  }
}
